{
  "name": "rk-front",
  "version": "0.0.1",
  "lockfileVersion": 1,
  "requires": true,
  "dependencies": {
    "echarts-for-react": {
      "version": "2.0.16",
      "resolved": "https://registry.npm.taobao.org/echarts-for-react/download/echarts-for-react-2.0.16.tgz",
      "integrity": "sha1-gTSlPf+QiCweapXEXOqyHgD2yfU=",
      "requires": {
        "fast-deep-equal": "^2.0.1",
        "size-sensor": "^1.0.0"
      }
    },
    "fast-deep-equal": {
      "version": "2.0.1",
      "resolved": "https://registry.npm.taobao.org/fast-deep-equal/download/fast-deep-equal-2.0.1.tgz?cache=0&sync_timestamp=1591599651635&other_urls=https%3A%2F%2Fregistry.npm.taobao.org%2Ffast-deep-equal%2Fdownload%2Ffast-deep-equal-2.0.1.tgz",
      "integrity": "sha1-ewUhjd+WZ79/Nwv3/bLLFf3Qqkk="
    },
    "size-sensor": {
      "version": "1.0.1",
      "resolved": "https://registry.npm.taobao.org/size-sensor/download/size-sensor-1.0.1.tgz",
      "integrity": "sha1-+E5GIG0+JZ+v8dVI5LO+ypMhnbs="
    },
    "yarn": {
      "version": "1.19.1",
      "dev": true
    }
  }
}
